{
  "version": 4,
  "terraform_version": "1.5.7",
  "serial": 135,
  "lineage": "552f3823-7347-9c1d-a661-10462e19c19d",
  "outputs": {},
  "resources": [
    {
      "module": "module.kube",
      "mode": "data",
      "type": "yandex_client_config",
      "name": "client",
      "provider": "provider[\"registry.terraform.io/yandex-cloud/yandex\"]",
      "instances": [
        {
          "schema_version": 0,
          "attributes": {
            "cloud_id": "b1g557taev4t7m7thfpo",
            "folder_id": "b1gnuvue6d2ju33503m5",
            "iam_token": "t1.9euelZqJjJyLysvHxo-dmpXKnM_Oie3rnpWajZ7GmM3Pl5qTipyKxpKMlJDl9Pc-J15C-e8lYQDG3fT3flVbQvnvJWEAxs3n9euelZrKjMiJyJ7Hx86bi4uazpOPme_8zef1656Vmo6Zj87Ii5nJmIyMk82ZzMaP7_3F656VmsqMyInInsfHzpuLi5rOk4-Z.fXaAJfiPpNVe_7mlmEDcxI7aS1CUxABYXVKw9CG-GCL-qzBqHN5pMTKBCgTaF7UFS-OTESfyxyjkcOqcrH51Ag",
            "id": "3565984111",
            "zone": "ru-central1-d"
          },
          "sensitive_attributes": []
        }
      ]
    },
    {
      "module": "module.kube",
      "mode": "managed",
      "type": "random_string",
      "name": "unique_id",
      "provider": "provider[\"registry.terraform.io/hashicorp/random\"]",
      "instances": [
        {
          "schema_version": 2,
          "attributes": {
            "id": "d2peybg2",
            "keepers": null,
            "length": 8,
            "lower": true,
            "min_lower": 0,
            "min_numeric": 0,
            "min_special": 0,
            "min_upper": 0,
            "number": true,
            "numeric": true,
            "override_special": null,
            "result": "d2peybg2",
            "special": false,
            "upper": false
          },
          "sensitive_attributes": []
        }
      ]
    },
    {
      "module": "module.kube",
      "mode": "managed",
      "type": "time_sleep",
      "name": "wait_for_iam",
      "provider": "provider[\"registry.terraform.io/hashicorp/time\"]",
      "instances": [
        {
          "schema_version": 0,
          "attributes": {
            "create_duration": "5s",
            "destroy_duration": null,
            "id": "2025-02-09T09:02:55Z",
            "triggers": null
          },
          "sensitive_attributes": [],
          "dependencies": [
            "module.kube.data.yandex_client_config.client",
            "module.kube.random_string.unique_id",
            "module.kube.yandex_iam_service_account.master",
            "module.kube.yandex_iam_service_account.node_account",
            "module.kube.yandex_resourcemanager_folder_iam_member.node_account",
            "module.kube.yandex_resourcemanager_folder_iam_member.sa_calico_network_policy_role",
            "module.kube.yandex_resourcemanager_folder_iam_member.sa_cilium_network_policy_role",
            "module.kube.yandex_resourcemanager_folder_iam_member.sa_logging_writer_role",
            "module.kube.yandex_resourcemanager_folder_iam_member.sa_node_group_loadbalancer_role_admin",
            "module.kube.yandex_resourcemanager_folder_iam_member.sa_node_group_public_role_admin",
            "module.kube.yandex_resourcemanager_folder_iam_member.sa_public_loadbalancers_role"
          ]
        }
      ]
    },
    {
      "module": "module.kube",
      "mode": "managed",
      "type": "yandex_iam_service_account",
      "name": "master",
      "provider": "provider[\"registry.terraform.io/yandex-cloud/yandex\"]",
      "instances": [
        {
          "index_key": 0,
          "schema_version": 0,
          "attributes": {
            "created_at": "2025-02-09T09:02:39Z",
            "description": "",
            "folder_id": "b1gnuvue6d2ju33503m5",
            "id": "aje0hea45j9tqrm08ouc",
            "name": "k8s-service-account-d2peybg2",
            "timeouts": null
          },
          "sensitive_attributes": [],
          "private": "eyJlMmJmYjczMC1lY2FhLTExZTYtOGY4OC0zNDM2M2JjN2M0YzAiOnsiY3JlYXRlIjo2MDAwMDAwMDAwMCwiZGVsZXRlIjo2MDAwMDAwMDAwMCwidXBkYXRlIjo2MDAwMDAwMDAwMH19",
          "dependencies": [
            "module.kube.data.yandex_client_config.client",
            "module.kube.random_string.unique_id"
          ]
        }
      ]
    },
    {
      "module": "module.kube",
      "mode": "managed",
      "type": "yandex_iam_service_account",
      "name": "node_account",
      "provider": "provider[\"registry.terraform.io/yandex-cloud/yandex\"]",
      "instances": [
        {
          "index_key": 0,
          "schema_version": 0,
          "attributes": {
            "created_at": "2025-02-09T09:02:41Z",
            "description": "",
            "folder_id": "b1gnuvue6d2ju33503m5",
            "id": "ajepctl73mttl37l4rsg",
            "name": "k8s-node-account-d2peybg2",
            "timeouts": null
          },
          "sensitive_attributes": [],
          "private": "eyJlMmJmYjczMC1lY2FhLTExZTYtOGY4OC0zNDM2M2JjN2M0YzAiOnsiY3JlYXRlIjo2MDAwMDAwMDAwMCwiZGVsZXRlIjo2MDAwMDAwMDAwMCwidXBkYXRlIjo2MDAwMDAwMDAwMH19",
          "dependencies": [
            "module.kube.data.yandex_client_config.client",
            "module.kube.random_string.unique_id"
          ]
        }
      ]
    },
    {
      "module": "module.kube",
      "mode": "managed",
      "type": "yandex_kms_symmetric_key",
      "name": "kms_key",
      "provider": "provider[\"registry.terraform.io/yandex-cloud/yandex\"]",
      "instances": [
        {
          "index_key": 0,
          "schema_version": 1,
          "attributes": {
            "created_at": "2025-02-09T09:00:16Z",
            "default_algorithm": "AES_256",
            "deletion_protection": false,
            "description": "K8S KMS symmetric key",
            "folder_id": "b1gnuvue6d2ju33503m5",
            "id": "abjj7gfqvm6g5hai31s1",
            "labels": {},
            "name": "k8s-kms-key-d2peybg2",
            "rotated_at": "",
            "rotation_period": "8760h0m0s",
            "status": "active",
            "timeouts": null
          },
          "sensitive_attributes": [],
          "private": "eyJlMmJmYjczMC1lY2FhLTExZTYtOGY4OC0zNDM2M2JjN2M0YzAiOnsiY3JlYXRlIjo2MDAwMDAwMDAwMCwiZGVsZXRlIjo2MDAwMDAwMDAwMCwicmVhZCI6NjAwMDAwMDAwMDAsInVwZGF0ZSI6NjAwMDAwMDAwMDB9LCJzY2hlbWFfdmVyc2lvbiI6IjEifQ==",
          "dependencies": [
            "module.kube.data.yandex_client_config.client",
            "module.kube.random_string.unique_id"
          ]
        }
      ]
    },
    {
      "module": "module.kube",
      "mode": "managed",
      "type": "yandex_kms_symmetric_key_iam_binding",
      "name": "encrypter_decrypter",
      "provider": "provider[\"registry.terraform.io/yandex-cloud/yandex\"]",
      "instances": [
        {
          "index_key": 0,
          "schema_version": 0,
          "attributes": {
            "id": "abjj7gfqvm6g5hai31s1/kms.keys.encrypterDecrypter",
            "members": [
              "serviceAccount:aje0hea45j9tqrm08ouc"
            ],
            "role": "kms.keys.encrypterDecrypter",
            "sleep_after": null,
            "symmetric_key_id": "abjj7gfqvm6g5hai31s1",
            "timeouts": null
          },
          "sensitive_attributes": [],
          "private": "eyJlMmJmYjczMC1lY2FhLTExZTYtOGY4OC0zNDM2M2JjN2M0YzAiOnsiY3JlYXRlIjo2MDAwMDAwMDAwMCwiZGVmYXVsdCI6NjAwMDAwMDAwMDAsImRlbGV0ZSI6NjAwMDAwMDAwMDAsInJlYWQiOjYwMDAwMDAwMDAwLCJ1cGRhdGUiOjYwMDAwMDAwMDAwfX0=",
          "dependencies": [
            "module.kube.data.yandex_client_config.client",
            "module.kube.random_string.unique_id",
            "module.kube.yandex_iam_service_account.master",
            "module.kube.yandex_kms_symmetric_key.kms_key"
          ]
        }
      ]
    },
    {
      "module": "module.kube",
      "mode": "managed",
      "type": "yandex_kubernetes_cluster",
      "name": "kube_cluster",
      "provider": "provider[\"registry.terraform.io/yandex-cloud/yandex\"]",
      "instances": [
        {
          "schema_version": 0,
          "attributes": {
            "cluster_ipv4_range": "172.17.0.0/16",
            "cluster_ipv6_range": "",
            "created_at": "2025-02-09T09:02:56Z",
            "description": "Yandex Managed K8S cluster",
            "folder_id": "b1gnuvue6d2ju33503m5",
            "health": "healthy",
            "id": "cats4ton12d80j66cscv",
            "kms_provider": [
              {
                "key_id": "abjj7gfqvm6g5hai31s1"
              }
            ],
            "labels": {},
            "log_group_id": "",
            "master": [
              {
                "cluster_ca_certificate": "-----BEGIN CERTIFICATE-----\nMIIC5zCCAc+gAwIBAgIBADANBgkqhkiG9w0BAQsFADAVMRMwEQYDVQQDEwprdWJl\ncm5ldGVzMB4XDTI1MDIwOTA5MDMwM1oXDTM1MDIwNzA5MDMwM1owFTETMBEGA1UE\nAxMKa3ViZXJuZXRlczCCASIwDQYJKoZIhvcNAQEBBQADggEPADCCAQoCggEBAMpK\n/lXKNPiT+qo79jafIqXN3EpqgRuGyROQPEFUIwdFmaGLGBy9uTvEaPcSZBMsysgV\nu/X/oc755ObtB7/n0LjlUs0Auqo+bVGYIjJMUmfobm5KFjzs5wHra67Jna9QjIND\nivXJnyDvTUrqPY/Gwd3VvOHu/jeYA007BthuF6FvwCu99GGyJMUYbHtezj0/NfRo\nkzLL8i7ZknPmeZ974j3PIzLUF9nDdk9nNSTIkq6F8SOxP3rHRlrnmFngT3wcX6n6\nQ7Q9jv4EoHx0t5lwRZ2pWdRCnBBE2EP/6Cr0fJcg3QVMlq8kN69CTBNjKl3rYxMy\n++Bupx3SefQe+2KHNG8CAwEAAaNCMEAwDgYDVR0PAQH/BAQDAgKkMA8GA1UdEwEB\n/wQFMAMBAf8wHQYDVR0OBBYEFP52s9Qv28+FtWfEM1JeeExVTUIvMA0GCSqGSIb3\nDQEBCwUAA4IBAQCCz2+3O0IP+MXOj+uuNBu5zUAd+E5Hc4p0rW6qwfpDVvKFL5yu\nxr1IIRc6T+kn+IH5+QkOxDjWg4xi0Z41RnPdc0fcbDCFy2waw8vKvPDGaX1SMnbj\nI7cc/+Ivih6xPf4iGnYYRD67wKgsGRFcnFF2IpDxRobLHQ8G8AGWXTWAEQRgwFwX\nGShMqjMk6ggPUgRFqYH5ZQbLzvZH1qeDMczBLddT11zj66ZMa7JgH0x0hadP4f7k\nBVay8OX8bbzW4iGMOGgn9n94jkphbkzz07jdNYT79n20WkId5c3VoczOBi0NBPCj\n4+SVqorp5UaA4AZ+Xb0nGcSzUQosrjkpfVbL\n-----END CERTIFICATE-----\n",
                "etcd_cluster_size": 3,
                "external_v4_address": "158.160.147.135",
                "external_v4_endpoint": "https://158.160.147.135",
                "external_v6_address": "",
                "external_v6_endpoint": "",
                "internal_v4_address": "10.10.0.24",
                "internal_v4_endpoint": "https://10.10.0.24",
                "maintenance_policy": [
                  {
                    "auto_upgrade": true,
                    "maintenance_window": [
                      {
                        "day": "monday",
                        "duration": "3h",
                        "start_time": "23:00"
                      }
                    ]
                  }
                ],
                "master_location": [
                  {
                    "subnet_id": "e9bc8h4b7l0oect1959d",
                    "zone": "ru-central1-a"
                  },
                  {
                    "subnet_id": "e2l27aa2ve2r99md8kp9",
                    "zone": "ru-central1-b"
                  },
                  {
                    "subnet_id": "fl8ogm0g9igpeds1nohr",
                    "zone": "ru-central1-d"
                  }
                ],
                "master_logging": [
                  {
                    "audit_enabled": true,
                    "cluster_autoscaler_enabled": true,
                    "enabled": true,
                    "events_enabled": true,
                    "folder_id": "b1gnuvue6d2ju33503m5",
                    "kube_apiserver_enabled": true,
                    "log_group_id": ""
                  }
                ],
                "public_ip": true,
                "regional": [
                  {
                    "location": [],
                    "region": "ru-central1"
                  }
                ],
                "security_group_ids": [
                  "enp5lnsgdi8smafnkhl4",
                  "enp5v3q25l3tskvjj2e6"
                ],
                "version": "1.28",
                "version_info": [
                  {
                    "current_version": "1.28",
                    "new_revision_available": false,
                    "new_revision_summary": "",
                    "version_deprecated": false
                  }
                ],
                "zonal": []
              }
            ],
            "name": "k8s-cluster-d2peybg2",
            "network_id": "enpsho058b5sg7jn434m",
            "network_implementation": [],
            "network_policy_provider": "CALICO",
            "node_ipv4_cidr_mask_size": 24,
            "node_service_account_id": "ajepctl73mttl37l4rsg",
            "release_channel": "REGULAR",
            "service_account_id": "aje0hea45j9tqrm08ouc",
            "service_ipv4_range": "172.18.0.0/16",
            "service_ipv6_range": "",
            "status": "running",
            "timeouts": {
              "create": "60m",
              "delete": "60m",
              "read": null,
              "update": "60m"
            }
          },
          "sensitive_attributes": [],
          "private": "eyJlMmJmYjczMC1lY2FhLTExZTYtOGY4OC0zNDM2M2JjN2M0YzAiOnsiY3JlYXRlIjozNjAwMDAwMDAwMDAwLCJkZWxldGUiOjM2MDAwMDAwMDAwMDAsInJlYWQiOjMwMDAwMDAwMDAwMCwidXBkYXRlIjozNjAwMDAwMDAwMDAwfX0=",
          "dependencies": [
            "module.kube.data.yandex_client_config.client",
            "module.kube.random_string.unique_id",
            "module.kube.time_sleep.wait_for_iam",
            "module.kube.yandex_iam_service_account.master",
            "module.kube.yandex_iam_service_account.node_account",
            "module.kube.yandex_kms_symmetric_key.kms_key",
            "module.kube.yandex_resourcemanager_folder_iam_member.node_account",
            "module.kube.yandex_resourcemanager_folder_iam_member.sa_calico_network_policy_role",
            "module.kube.yandex_resourcemanager_folder_iam_member.sa_cilium_network_policy_role",
            "module.kube.yandex_resourcemanager_folder_iam_member.sa_logging_writer_role",
            "module.kube.yandex_resourcemanager_folder_iam_member.sa_node_group_loadbalancer_role_admin",
            "module.kube.yandex_resourcemanager_folder_iam_member.sa_node_group_public_role_admin",
            "module.kube.yandex_resourcemanager_folder_iam_member.sa_public_loadbalancers_role",
            "module.kube.yandex_vpc_security_group.k8s_main_sg",
            "module.kube.yandex_vpc_security_group.k8s_master_whitelist_sg",
            "module.yc-vpc.data.yandex_client_config.client",
            "module.yc-vpc.yandex_vpc_gateway.egress_gateway",
            "module.yc-vpc.yandex_vpc_network.this",
            "module.yc-vpc.yandex_vpc_route_table.private",
            "module.yc-vpc.yandex_vpc_subnet.private"
          ]
        }
      ]
    },
    {
      "module": "module.kube",
      "mode": "managed",
      "type": "yandex_kubernetes_node_group",
      "name": "kube_node_groups",
      "provider": "provider[\"registry.terraform.io/yandex-cloud/yandex\"]",
      "instances": [
        {
          "index_key": "yc-k8s-ng-01",
          "schema_version": 0,
          "attributes": {
            "allocation_policy": [
              {
                "location": [
                  {
                    "subnet_id": "e9bc8h4b7l0oect1959d",
                    "zone": "ru-central1-a"
                  },
                  {
                    "subnet_id": "e2l27aa2ve2r99md8kp9",
                    "zone": "ru-central1-b"
                  },
                  {
                    "subnet_id": "fl8ogm0g9igpeds1nohr",
                    "zone": "ru-central1-d"
                  }
                ]
              }
            ],
            "allowed_unsafe_sysctls": null,
            "cluster_id": "cats4ton12d80j66cscv",
            "created_at": "2025-02-09T09:08:25Z",
            "deploy_policy": [
              {
                "max_expansion": 3,
                "max_unavailable": 0
              }
            ],
            "description": "Kubernetes nodes group 01",
            "id": "cat768rlbgro3tn80e35",
            "instance_group_id": "cl1b38dp2mhudtmasr7p",
            "instance_template": [
              {
                "boot_disk": [
                  {
                    "size": 64,
                    "type": "network-ssd"
                  }
                ],
                "container_network": [
                  {
                    "pod_mtu": 0
                  }
                ],
                "container_runtime": [
                  {
                    "type": "containerd"
                  }
                ],
                "gpu_settings": [],
                "labels": null,
                "metadata": {
                  "enable-oslogin": "false"
                },
                "name": "{instance_group.id}-{instance.short_id}",
                "nat": false,
                "network_acceleration_type": "standard",
                "network_interface": [
                  {
                    "ipv4": true,
                    "ipv4_dns_records": [],
                    "ipv6": false,
                    "ipv6_dns_records": [],
                    "nat": false,
                    "security_group_ids": [
                      "enp5lnsgdi8smafnkhl4",
                      "enpp8qls2lhdmm7jhfip"
                    ],
                    "subnet_ids": [
                      "e2l27aa2ve2r99md8kp9",
                      "e9bc8h4b7l0oect1959d",
                      "fl8ogm0g9igpeds1nohr"
                    ]
                  }
                ],
                "placement_policy": [],
                "platform_id": "standard-v3",
                "resources": [
                  {
                    "core_fraction": 100,
                    "cores": 4,
                    "gpus": 0,
                    "memory": 8
                  }
                ],
                "scheduling_policy": [
                  {
                    "preemptible": false
                  }
                ]
              }
            ],
            "labels": {},
            "maintenance_policy": [
              {
                "auto_repair": true,
                "auto_upgrade": true,
                "maintenance_window": [
                  {
                    "day": "monday",
                    "duration": "3h",
                    "start_time": "23:00"
                  }
                ]
              }
            ],
            "name": "yc-k8s-ng-01",
            "node_labels": {
              "environment": "prod",
              "role": "worker-01"
            },
            "node_taints": null,
            "scale_policy": [
              {
                "auto_scale": [],
                "fixed_scale": [
                  {
                    "size": 1
                  }
                ]
              }
            ],
            "status": "running",
            "timeouts": null,
            "version": "1.28",
            "version_info": [
              {
                "current_version": "1.28",
                "new_revision_available": false,
                "new_revision_summary": "",
                "version_deprecated": false
              }
            ]
          },
          "sensitive_attributes": [],
          "private": "eyJlMmJmYjczMC1lY2FhLTExZTYtOGY4OC0zNDM2M2JjN2M0YzAiOnsiY3JlYXRlIjozNjAwMDAwMDAwMDAwLCJkZWxldGUiOjEyMDAwMDAwMDAwMDAsInJlYWQiOjYwMDAwMDAwMDAwMCwidXBkYXRlIjozNjAwMDAwMDAwMDAwfX0=",
          "dependencies": [
            "module.kube.data.yandex_client_config.client",
            "module.kube.random_string.unique_id",
            "module.kube.time_sleep.wait_for_iam",
            "module.kube.yandex_iam_service_account.master",
            "module.kube.yandex_iam_service_account.node_account",
            "module.kube.yandex_kms_symmetric_key.kms_key",
            "module.kube.yandex_kubernetes_cluster.kube_cluster",
            "module.kube.yandex_resourcemanager_folder_iam_member.node_account",
            "module.kube.yandex_resourcemanager_folder_iam_member.sa_calico_network_policy_role",
            "module.kube.yandex_resourcemanager_folder_iam_member.sa_cilium_network_policy_role",
            "module.kube.yandex_resourcemanager_folder_iam_member.sa_logging_writer_role",
            "module.kube.yandex_resourcemanager_folder_iam_member.sa_node_group_loadbalancer_role_admin",
            "module.kube.yandex_resourcemanager_folder_iam_member.sa_node_group_public_role_admin",
            "module.kube.yandex_resourcemanager_folder_iam_member.sa_public_loadbalancers_role",
            "module.kube.yandex_vpc_security_group.k8s_main_sg",
            "module.kube.yandex_vpc_security_group.k8s_master_whitelist_sg",
            "module.kube.yandex_vpc_security_group.k8s_nodes",
            "module.yc-vpc.data.yandex_client_config.client",
            "module.yc-vpc.yandex_vpc_gateway.egress_gateway",
            "module.yc-vpc.yandex_vpc_network.this",
            "module.yc-vpc.yandex_vpc_route_table.private",
            "module.yc-vpc.yandex_vpc_subnet.private"
          ]
        }
      ]
    },
    {
      "module": "module.kube",
      "mode": "managed",
      "type": "yandex_resourcemanager_folder_iam_member",
      "name": "node_account",
      "provider": "provider[\"registry.terraform.io/yandex-cloud/yandex\"]",
      "instances": [
        {
          "index_key": 0,
          "schema_version": 0,
          "attributes": {
            "folder_id": "b1gnuvue6d2ju33503m5",
            "id": "b1gnuvue6d2ju33503m5/container-registry.images.puller/serviceAccount:ajepctl73mttl37l4rsg",
            "member": "serviceAccount:ajepctl73mttl37l4rsg",
            "role": "container-registry.images.puller",
            "sleep_after": null,
            "timeouts": null
          },
          "sensitive_attributes": [],
          "private": "eyJlMmJmYjczMC1lY2FhLTExZTYtOGY4OC0zNDM2M2JjN2M0YzAiOnsiY3JlYXRlIjo2MDAwMDAwMDAwMCwiZGVmYXVsdCI6NjAwMDAwMDAwMDAsImRlbGV0ZSI6NjAwMDAwMDAwMDAsInJlYWQiOjYwMDAwMDAwMDAwLCJ1cGRhdGUiOjYwMDAwMDAwMDAwfX0=",
          "dependencies": [
            "module.kube.data.yandex_client_config.client",
            "module.kube.random_string.unique_id",
            "module.kube.yandex_iam_service_account.node_account"
          ]
        }
      ]
    },
    {
      "module": "module.kube",
      "mode": "managed",
      "type": "yandex_resourcemanager_folder_iam_member",
      "name": "sa_calico_network_policy_role",
      "provider": "provider[\"registry.terraform.io/yandex-cloud/yandex\"]",
      "instances": [
        {
          "index_key": 0,
          "schema_version": 0,
          "attributes": {
            "folder_id": "b1gnuvue6d2ju33503m5",
            "id": "b1gnuvue6d2ju33503m5/k8s.clusters.agent/serviceAccount:aje0hea45j9tqrm08ouc",
            "member": "serviceAccount:aje0hea45j9tqrm08ouc",
            "role": "k8s.clusters.agent",
            "sleep_after": null,
            "timeouts": null
          },
          "sensitive_attributes": [],
          "private": "eyJlMmJmYjczMC1lY2FhLTExZTYtOGY4OC0zNDM2M2JjN2M0YzAiOnsiY3JlYXRlIjo2MDAwMDAwMDAwMCwiZGVmYXVsdCI6NjAwMDAwMDAwMDAsImRlbGV0ZSI6NjAwMDAwMDAwMDAsInJlYWQiOjYwMDAwMDAwMDAwLCJ1cGRhdGUiOjYwMDAwMDAwMDAwfX0=",
          "dependencies": [
            "module.kube.data.yandex_client_config.client",
            "module.kube.random_string.unique_id",
            "module.kube.yandex_iam_service_account.master"
          ]
        }
      ]
    },
    {
      "module": "module.kube",
      "mode": "managed",
      "type": "yandex_resourcemanager_folder_iam_member",
      "name": "sa_logging_writer_role",
      "provider": "provider[\"registry.terraform.io/yandex-cloud/yandex\"]",
      "instances": [
        {
          "index_key": 0,
          "schema_version": 0,
          "attributes": {
            "folder_id": "b1gnuvue6d2ju33503m5",
            "id": "b1gnuvue6d2ju33503m5/logging.writer/serviceAccount:aje0hea45j9tqrm08ouc",
            "member": "serviceAccount:aje0hea45j9tqrm08ouc",
            "role": "logging.writer",
            "sleep_after": null,
            "timeouts": null
          },
          "sensitive_attributes": [],
          "private": "eyJlMmJmYjczMC1lY2FhLTExZTYtOGY4OC0zNDM2M2JjN2M0YzAiOnsiY3JlYXRlIjo2MDAwMDAwMDAwMCwiZGVmYXVsdCI6NjAwMDAwMDAwMDAsImRlbGV0ZSI6NjAwMDAwMDAwMDAsInJlYWQiOjYwMDAwMDAwMDAwLCJ1cGRhdGUiOjYwMDAwMDAwMDAwfX0=",
          "dependencies": [
            "module.kube.data.yandex_client_config.client",
            "module.kube.random_string.unique_id",
            "module.kube.yandex_iam_service_account.master"
          ]
        }
      ]
    },
    {
      "module": "module.kube",
      "mode": "managed",
      "type": "yandex_resourcemanager_folder_iam_member",
      "name": "sa_public_loadbalancers_role",
      "provider": "provider[\"registry.terraform.io/yandex-cloud/yandex\"]",
      "instances": [
        {
          "index_key": 0,
          "schema_version": 0,
          "attributes": {
            "folder_id": "b1gnuvue6d2ju33503m5",
            "id": "b1gnuvue6d2ju33503m5/load-balancer.admin/serviceAccount:aje0hea45j9tqrm08ouc",
            "member": "serviceAccount:aje0hea45j9tqrm08ouc",
            "role": "load-balancer.admin",
            "sleep_after": null,
            "timeouts": null
          },
          "sensitive_attributes": [],
          "private": "eyJlMmJmYjczMC1lY2FhLTExZTYtOGY4OC0zNDM2M2JjN2M0YzAiOnsiY3JlYXRlIjo2MDAwMDAwMDAwMCwiZGVmYXVsdCI6NjAwMDAwMDAwMDAsImRlbGV0ZSI6NjAwMDAwMDAwMDAsInJlYWQiOjYwMDAwMDAwMDAwLCJ1cGRhdGUiOjYwMDAwMDAwMDAwfX0=",
          "dependencies": [
            "module.kube.data.yandex_client_config.client",
            "module.kube.random_string.unique_id",
            "module.kube.yandex_iam_service_account.master"
          ]
        }
      ]
    },
    {
      "module": "module.kube",
      "mode": "managed",
      "type": "yandex_vpc_security_group",
      "name": "k8s_main_sg",
      "provider": "provider[\"registry.terraform.io/yandex-cloud/yandex\"]",
      "instances": [
        {
          "index_key": 0,
          "schema_version": 0,
          "attributes": {
            "created_at": "2025-02-09T09:02:47Z",
            "description": "K8S security group",
            "egress": [
              {
                "description": "Rule allows master-node and node-node communication inside a security group.",
                "from_port": 0,
                "id": "enpknhlq3e83l52h9fv4",
                "labels": {},
                "port": -1,
                "predefined_target": "self_security_group",
                "protocol": "ANY",
                "security_group_id": "",
                "to_port": 65535,
                "v4_cidr_blocks": [],
                "v6_cidr_blocks": []
              },
              {
                "description": "Rule allows pod-pod and service-service communication inside a security group. Indicate your IP ranges.",
                "from_port": 0,
                "id": "enp52ao5eh4riql254dq",
                "labels": {},
                "port": -1,
                "predefined_target": "",
                "protocol": "ANY",
                "security_group_id": "",
                "to_port": 65535,
                "v4_cidr_blocks": [
                  "172.17.0.0/16",
                  "172.18.0.0/16"
                ],
                "v6_cidr_blocks": []
              }
            ],
            "folder_id": "b1gnuvue6d2ju33503m5",
            "id": "enp5lnsgdi8smafnkhl4",
            "ingress": [
              {
                "description": "Rule allows availability checks from load balancer's address range. It is required for the operation of a fault-tolerant cluster and load balancer services.",
                "from_port": 0,
                "id": "enpb3vks3tshqht4l4a4",
                "labels": {},
                "port": -1,
                "predefined_target": "loadbalancer_healthchecks",
                "protocol": "TCP",
                "security_group_id": "",
                "to_port": 65535,
                "v4_cidr_blocks": [],
                "v6_cidr_blocks": []
              },
              {
                "description": "Rule allows debugging ICMP packets from internal subnets.",
                "from_port": -1,
                "id": "enpd3fconvdeth448ju4",
                "labels": {},
                "port": -1,
                "predefined_target": "",
                "protocol": "ICMP",
                "security_group_id": "",
                "to_port": -1,
                "v4_cidr_blocks": [
                  "10.0.0.0/8",
                  "172.16.0.0/12",
                  "192.168.0.0/16"
                ],
                "v6_cidr_blocks": []
              },
              {
                "description": "Rule allows master-node and node-node communication inside a security group.",
                "from_port": 0,
                "id": "enp9l6sksniepdkc3vo7",
                "labels": {},
                "port": -1,
                "predefined_target": "self_security_group",
                "protocol": "ANY",
                "security_group_id": "",
                "to_port": 65535,
                "v4_cidr_blocks": [],
                "v6_cidr_blocks": []
              },
              {
                "description": "Rule allows pod-pod and service-service communication inside a security group. Indicate your IP ranges.",
                "from_port": 0,
                "id": "enphlf65e7egb21t8vk6",
                "labels": {},
                "port": -1,
                "predefined_target": "",
                "protocol": "ANY",
                "security_group_id": "",
                "to_port": 65535,
                "v4_cidr_blocks": [
                  "172.17.0.0/16",
                  "172.18.0.0/16"
                ],
                "v6_cidr_blocks": []
              }
            ],
            "labels": {},
            "name": "k8s-security-main-d2peybg2",
            "network_id": "enpsho058b5sg7jn434m",
            "status": "ACTIVE",
            "timeouts": null
          },
          "sensitive_attributes": [],
          "private": "eyJlMmJmYjczMC1lY2FhLTExZTYtOGY4OC0zNDM2M2JjN2M0YzAiOnsiY3JlYXRlIjoxODAwMDAwMDAwMDAsImRlbGV0ZSI6MTgwMDAwMDAwMDAwLCJ1cGRhdGUiOjE4MDAwMDAwMDAwMH19",
          "dependencies": [
            "module.kube.data.yandex_client_config.client",
            "module.kube.random_string.unique_id",
            "module.yc-vpc.data.yandex_client_config.client",
            "module.yc-vpc.yandex_vpc_network.this"
          ]
        }
      ]
    },
    {
      "module": "module.kube",
      "mode": "managed",
      "type": "yandex_vpc_security_group",
      "name": "k8s_master_whitelist_sg",
      "provider": "provider[\"registry.terraform.io/yandex-cloud/yandex\"]",
      "instances": [
        {
          "index_key": 0,
          "schema_version": 0,
          "attributes": {
            "created_at": "2025-02-09T09:02:42Z",
            "description": "Allow access to Kubernetes API from internet.",
            "egress": [],
            "folder_id": "b1gnuvue6d2ju33503m5",
            "id": "enp5v3q25l3tskvjj2e6",
            "ingress": [
              {
                "description": "Allow access to Kubernetes API via port 443 from subnet.",
                "from_port": -1,
                "id": "enpsea8s1mgb6em1q6pk",
                "labels": {},
                "port": 443,
                "predefined_target": "",
                "protocol": "TCP",
                "security_group_id": "",
                "to_port": -1,
                "v4_cidr_blocks": [
                  "0.0.0.0/0"
                ],
                "v6_cidr_blocks": []
              },
              {
                "description": "Allow access to Kubernetes API via port 6443 from subnet.",
                "from_port": -1,
                "id": "enppe4mhd2ffrj90vc07",
                "labels": {},
                "port": 6443,
                "predefined_target": "",
                "protocol": "TCP",
                "security_group_id": "",
                "to_port": -1,
                "v4_cidr_blocks": [
                  "0.0.0.0/0"
                ],
                "v6_cidr_blocks": []
              }
            ],
            "labels": {},
            "name": "k8s-master-whitelist-d2peybg2",
            "network_id": "enpsho058b5sg7jn434m",
            "status": "ACTIVE",
            "timeouts": null
          },
          "sensitive_attributes": [],
          "private": "eyJlMmJmYjczMC1lY2FhLTExZTYtOGY4OC0zNDM2M2JjN2M0YzAiOnsiY3JlYXRlIjoxODAwMDAwMDAwMDAsImRlbGV0ZSI6MTgwMDAwMDAwMDAwLCJ1cGRhdGUiOjE4MDAwMDAwMDAwMH19",
          "dependencies": [
            "module.kube.data.yandex_client_config.client",
            "module.kube.random_string.unique_id",
            "module.yc-vpc.data.yandex_client_config.client",
            "module.yc-vpc.yandex_vpc_network.this"
          ]
        }
      ]
    },
    {
      "module": "module.kube",
      "mode": "managed",
      "type": "yandex_vpc_security_group",
      "name": "k8s_nodes",
      "provider": "provider[\"registry.terraform.io/yandex-cloud/yandex\"]",
      "instances": [
        {
          "schema_version": 0,
          "attributes": {
            "created_at": "2025-02-09T09:02:43Z",
            "description": "Security group rules for node groups",
            "egress": [],
            "folder_id": "b1gnuvue6d2ju33503m5",
            "id": "enpp8qls2lhdmm7jhfip",
            "ingress": [],
            "labels": {},
            "name": "k8s-nodes-d2peybg2",
            "network_id": "enpsho058b5sg7jn434m",
            "status": "ACTIVE",
            "timeouts": null
          },
          "sensitive_attributes": [],
          "private": "eyJlMmJmYjczMC1lY2FhLTExZTYtOGY4OC0zNDM2M2JjN2M0YzAiOnsiY3JlYXRlIjoxODAwMDAwMDAwMDAsImRlbGV0ZSI6MTgwMDAwMDAwMDAwLCJ1cGRhdGUiOjE4MDAwMDAwMDAwMH19",
          "dependencies": [
            "module.kube.data.yandex_client_config.client",
            "module.kube.random_string.unique_id",
            "module.yc-vpc.data.yandex_client_config.client",
            "module.yc-vpc.yandex_vpc_network.this"
          ]
        }
      ]
    },
    {
      "module": "module.kube",
      "mode": "managed",
      "type": "yandex_vpc_security_group_rule",
      "name": "k8s_node_ports",
      "provider": "provider[\"registry.terraform.io/yandex-cloud/yandex\"]",
      "instances": [
        {
          "index_key": 0,
          "schema_version": 0,
          "attributes": {
            "description": "Rule allows incoming traffic from the Internet to the NodePort port range. Add ports or change existing ones to the required ports.",
            "direction": "ingress",
            "from_port": 30000,
            "id": "enpti0ehtt7uvb8vfkbo",
            "labels": null,
            "port": -1,
            "predefined_target": "",
            "protocol": "TCP",
            "security_group_binding": "enpp8qls2lhdmm7jhfip",
            "security_group_id": "",
            "timeouts": null,
            "to_port": 32767,
            "v4_cidr_blocks": [
              "0.0.0.0/0"
            ],
            "v6_cidr_blocks": null
          },
          "sensitive_attributes": [],
          "dependencies": [
            "module.kube.data.yandex_client_config.client",
            "module.kube.random_string.unique_id",
            "module.kube.yandex_vpc_security_group.k8s_nodes",
            "module.yc-vpc.data.yandex_client_config.client",
            "module.yc-vpc.yandex_vpc_network.this"
          ]
        }
      ]
    },
    {
      "module": "module.kube",
      "mode": "managed",
      "type": "yandex_vpc_security_group_rule",
      "name": "k8s_node_ssh_access_rule",
      "provider": "provider[\"registry.terraform.io/yandex-cloud/yandex\"]",
      "instances": [
        {
          "index_key": 0,
          "schema_version": 0,
          "attributes": {
            "description": "Allow access to worker nodes via SSH from IP's.",
            "direction": "ingress",
            "from_port": -1,
            "id": "enp8kdqlpc7rk4ohne2q",
            "labels": null,
            "port": 22,
            "predefined_target": "",
            "protocol": "TCP",
            "security_group_binding": "enpp8qls2lhdmm7jhfip",
            "security_group_id": "",
            "timeouts": null,
            "to_port": -1,
            "v4_cidr_blocks": [
              "0.0.0.0/0"
            ],
            "v6_cidr_blocks": null
          },
          "sensitive_attributes": [],
          "dependencies": [
            "module.kube.data.yandex_client_config.client",
            "module.kube.random_string.unique_id",
            "module.kube.yandex_vpc_security_group.k8s_nodes",
            "module.yc-vpc.data.yandex_client_config.client",
            "module.yc-vpc.yandex_vpc_network.this"
          ]
        }
      ]
    },
    {
      "module": "module.kube",
      "mode": "managed",
      "type": "yandex_vpc_security_group_rule",
      "name": "k8s_outgoing_traffic",
      "provider": "provider[\"registry.terraform.io/yandex-cloud/yandex\"]",
      "instances": [
        {
          "index_key": 0,
          "schema_version": 0,
          "attributes": {
            "description": "Rule allows all outgoing traffic. Nodes can connect to Yandex Container Registry, Yandex Object Storage, Docker Hub, and so on.",
            "direction": "egress",
            "from_port": 0,
            "id": "enpq9163kr2unilu7qjt",
            "labels": null,
            "port": -1,
            "predefined_target": "",
            "protocol": "ANY",
            "security_group_binding": "enpp8qls2lhdmm7jhfip",
            "security_group_id": "",
            "timeouts": null,
            "to_port": 65535,
            "v4_cidr_blocks": [
              "0.0.0.0/0"
            ],
            "v6_cidr_blocks": null
          },
          "sensitive_attributes": [],
          "dependencies": [
            "module.kube.data.yandex_client_config.client",
            "module.kube.random_string.unique_id",
            "module.kube.yandex_vpc_security_group.k8s_nodes",
            "module.yc-vpc.data.yandex_client_config.client",
            "module.yc-vpc.yandex_vpc_network.this"
          ]
        }
      ]
    },
    {
      "module": "module.yc-vpc",
      "mode": "data",
      "type": "yandex_client_config",
      "name": "client",
      "provider": "provider[\"registry.terraform.io/yandex-cloud/yandex\"]",
      "instances": [
        {
          "schema_version": 0,
          "attributes": {
            "cloud_id": "b1g557taev4t7m7thfpo",
            "folder_id": "b1gnuvue6d2ju33503m5",
            "iam_token": "t1.9euelZqJjJyLysvHxo-dmpXKnM_Oie3rnpWajZ7GmM3Pl5qTipyKxpKMlJDl9Pc-J15C-e8lYQDG3fT3flVbQvnvJWEAxs3n9euelZrKjMiJyJ7Hx86bi4uazpOPme_8zef1656Vmo6Zj87Ii5nJmIyMk82ZzMaP7_3F656VmsqMyInInsfHzpuLi5rOk4-Z.fXaAJfiPpNVe_7mlmEDcxI7aS1CUxABYXVKw9CG-GCL-qzBqHN5pMTKBCgTaF7UFS-OTESfyxyjkcOqcrH51Ag",
            "id": "3565984111",
            "zone": "ru-central1-d"
          },
          "sensitive_attributes": []
        }
      ]
    },
    {
      "module": "module.yc-vpc",
      "mode": "managed",
      "type": "yandex_vpc_default_security_group",
      "name": "default_sg",
      "provider": "provider[\"registry.terraform.io/yandex-cloud/yandex\"]",
      "instances": [
        {
          "index_key": 0,
          "schema_version": 0,
          "attributes": {
            "created_at": "2025-02-09T09:02:40Z",
            "description": "Default security group",
            "egress": [
              {
                "description": "To internet",
                "from_port": -1,
                "id": "enplsn0pea1jok5d2fav",
                "labels": {},
                "port": -1,
                "predefined_target": "",
                "protocol": "ANY",
                "security_group_id": "",
                "to_port": -1,
                "v4_cidr_blocks": [
                  "0.0.0.0/0"
                ],
                "v6_cidr_blocks": []
              }
            ],
            "folder_id": "b1gnuvue6d2ju33503m5",
            "id": "enpj530pdhpopp31prlt",
            "ingress": [
              {
                "description": "Communication inside this SG",
                "from_port": -1,
                "id": "enpmkgp1lafe6in3feu8",
                "labels": {},
                "port": -1,
                "predefined_target": "self_security_group",
                "protocol": "ANY",
                "security_group_id": "",
                "to_port": -1,
                "v4_cidr_blocks": [],
                "v6_cidr_blocks": []
              },
              {
                "description": "ICMP",
                "from_port": 0,
                "id": "enp9av42r4q9chon8h0f",
                "labels": {},
                "port": -1,
                "predefined_target": "",
                "protocol": "ICMP",
                "security_group_id": "",
                "to_port": 65535,
                "v4_cidr_blocks": [
                  "0.0.0.0/0"
                ],
                "v6_cidr_blocks": []
              },
              {
                "description": "NLB health check",
                "from_port": -1,
                "id": "enp8jph48535rpjiikrt",
                "labels": {},
                "port": -1,
                "predefined_target": "loadbalancer_healthchecks",
                "protocol": "TCP",
                "security_group_id": "",
                "to_port": -1,
                "v4_cidr_blocks": [],
                "v6_cidr_blocks": []
              },
              {
                "description": "RDP",
                "from_port": -1,
                "id": "enps66qcmahsqbjk7fvs",
                "labels": {},
                "port": 3389,
                "predefined_target": "",
                "protocol": "ANY",
                "security_group_id": "",
                "to_port": -1,
                "v4_cidr_blocks": [
                  "0.0.0.0/0"
                ],
                "v6_cidr_blocks": []
              },
              {
                "description": "ssh",
                "from_port": -1,
                "id": "enpffcjlq72999omnmic",
                "labels": {},
                "port": 22,
                "predefined_target": "",
                "protocol": "ANY",
                "security_group_id": "",
                "to_port": -1,
                "v4_cidr_blocks": [
                  "0.0.0.0/0"
                ],
                "v6_cidr_blocks": []
              }
            ],
            "labels": {
              "created_by": "terraform-yc-module"
            },
            "name": "default-sg-enpsho058b5sg7jn434m",
            "network_id": "enpsho058b5sg7jn434m",
            "status": "ACTIVE",
            "timeouts": null
          },
          "sensitive_attributes": [],
          "private": "eyJlMmJmYjczMC1lY2FhLTExZTYtOGY4OC0zNDM2M2JjN2M0YzAiOnsiY3JlYXRlIjoxODAwMDAwMDAwMDAsImRlbGV0ZSI6MTgwMDAwMDAwMDAwLCJyZWFkIjoxODAwMDAwMDAwMDAsInVwZGF0ZSI6MTgwMDAwMDAwMDAwfX0=",
          "dependencies": [
            "module.yc-vpc.data.yandex_client_config.client",
            "module.yc-vpc.yandex_vpc_network.this"
          ]
        }
      ]
    },
    {
      "module": "module.yc-vpc",
      "mode": "managed",
      "type": "yandex_vpc_gateway",
      "name": "egress_gateway",
      "provider": "provider[\"registry.terraform.io/yandex-cloud/yandex\"]",
      "instances": [
        {
          "index_key": 0,
          "schema_version": 0,
          "attributes": {
            "created_at": "2025-02-09T09:02:38Z",
            "description": "",
            "folder_id": "b1gnuvue6d2ju33503m5",
            "id": "enpkq1spk17g3ipuadrd",
            "labels": {},
            "name": "test-module-network-egress-gateway",
            "shared_egress_gateway": [
              {}
            ],
            "timeouts": null
          },
          "sensitive_attributes": [],
          "private": "eyJlMmJmYjczMC1lY2FhLTExZTYtOGY4OC0zNDM2M2JjN2M0YzAiOnsiY3JlYXRlIjo2MDAwMDAwMDAwMCwiZGVsZXRlIjo2MDAwMDAwMDAwMCwidXBkYXRlIjo2MDAwMDAwMDAwMH19",
          "dependencies": [
            "module.yc-vpc.data.yandex_client_config.client"
          ]
        }
      ]
    },
    {
      "module": "module.yc-vpc",
      "mode": "managed",
      "type": "yandex_vpc_network",
      "name": "this",
      "provider": "provider[\"registry.terraform.io/yandex-cloud/yandex\"]",
      "instances": [
        {
          "index_key": 0,
          "schema_version": 0,
          "attributes": {
            "created_at": "2025-02-09T09:02:38Z",
            "default_security_group_id": "enpj530pdhpopp31prlt",
            "description": "Test network created with module",
            "folder_id": "b1gnuvue6d2ju33503m5",
            "id": "enpsho058b5sg7jn434m",
            "labels": {
              "created_by": "terraform-yc-module"
            },
            "name": "test-module-network",
            "subnet_ids": [],
            "timeouts": null
          },
          "sensitive_attributes": [],
          "private": "eyJlMmJmYjczMC1lY2FhLTExZTYtOGY4OC0zNDM2M2JjN2M0YzAiOnsiY3JlYXRlIjo2MDAwMDAwMDAwMCwiZGVsZXRlIjo2MDAwMDAwMDAwMCwidXBkYXRlIjo2MDAwMDAwMDAwMH19",
          "dependencies": [
            "module.yc-vpc.data.yandex_client_config.client"
          ]
        }
      ]
    },
    {
      "module": "module.yc-vpc",
      "mode": "managed",
      "type": "yandex_vpc_route_table",
      "name": "private",
      "provider": "provider[\"registry.terraform.io/yandex-cloud/yandex\"]",
      "instances": [
        {
          "index_key": 0,
          "schema_version": 0,
          "attributes": {
            "created_at": "2025-02-09T09:02:40Z",
            "description": "",
            "folder_id": "b1gnuvue6d2ju33503m5",
            "id": "enp9lt8nudd091gpdqtb",
            "labels": {},
            "name": "test-module-network-private",
            "network_id": "enpsho058b5sg7jn434m",
            "static_route": [
              {
                "destination_prefix": "0.0.0.0/0",
                "gateway_id": "enpkq1spk17g3ipuadrd",
                "next_hop_address": ""
              }
            ],
            "timeouts": null
          },
          "sensitive_attributes": [],
          "private": "eyJlMmJmYjczMC1lY2FhLTExZTYtOGY4OC0zNDM2M2JjN2M0YzAiOnsiY3JlYXRlIjoxODAwMDAwMDAwMDAsImRlbGV0ZSI6MTgwMDAwMDAwMDAwLCJ1cGRhdGUiOjE4MDAwMDAwMDAwMH19",
          "dependencies": [
            "module.yc-vpc.data.yandex_client_config.client",
            "module.yc-vpc.yandex_vpc_gateway.egress_gateway",
            "module.yc-vpc.yandex_vpc_network.this"
          ]
        }
      ]
    },
    {
      "module": "module.yc-vpc",
      "mode": "managed",
      "type": "yandex_vpc_subnet",
      "name": "private",
      "provider": "provider[\"registry.terraform.io/yandex-cloud/yandex\"]",
      "instances": [
        {
          "index_key": "10.10.0.0/24",
          "schema_version": 0,
          "attributes": {
            "created_at": "2025-02-09T09:02:43Z",
            "description": "",
            "dhcp_options": [
              {
                "domain_name": "internal.",
                "domain_name_servers": [],
                "ntp_servers": []
              }
            ],
            "folder_id": "b1gnuvue6d2ju33503m5",
            "id": "e9bc8h4b7l0oect1959d",
            "labels": {
              "created_by": "terraform-yc-module"
            },
            "name": "subnet-1",
            "network_id": "enpsho058b5sg7jn434m",
            "route_table_id": "enp9lt8nudd091gpdqtb",
            "timeouts": null,
            "v4_cidr_blocks": [
              "10.10.0.0/24"
            ],
            "v6_cidr_blocks": [],
            "zone": "ru-central1-a"
          },
          "sensitive_attributes": [],
          "private": "eyJlMmJmYjczMC1lY2FhLTExZTYtOGY4OC0zNDM2M2JjN2M0YzAiOnsiY3JlYXRlIjoxODAwMDAwMDAwMDAsImRlbGV0ZSI6MTgwMDAwMDAwMDAwLCJ1cGRhdGUiOjE4MDAwMDAwMDAwMH19",
          "dependencies": [
            "module.yc-vpc.data.yandex_client_config.client",
            "module.yc-vpc.yandex_vpc_gateway.egress_gateway",
            "module.yc-vpc.yandex_vpc_network.this",
            "module.yc-vpc.yandex_vpc_route_table.private"
          ]
        },
        {
          "index_key": "10.11.0.0/24",
          "schema_version": 0,
          "attributes": {
            "created_at": "2025-02-09T09:02:42Z",
            "description": "",
            "dhcp_options": [
              {
                "domain_name": "internal.",
                "domain_name_servers": [],
                "ntp_servers": []
              }
            ],
            "folder_id": "b1gnuvue6d2ju33503m5",
            "id": "e2l27aa2ve2r99md8kp9",
            "labels": {
              "created_by": "terraform-yc-module"
            },
            "name": "subnet-2",
            "network_id": "enpsho058b5sg7jn434m",
            "route_table_id": "enp9lt8nudd091gpdqtb",
            "timeouts": null,
            "v4_cidr_blocks": [
              "10.11.0.0/24"
            ],
            "v6_cidr_blocks": [],
            "zone": "ru-central1-b"
          },
          "sensitive_attributes": [],
          "private": "eyJlMmJmYjczMC1lY2FhLTExZTYtOGY4OC0zNDM2M2JjN2M0YzAiOnsiY3JlYXRlIjoxODAwMDAwMDAwMDAsImRlbGV0ZSI6MTgwMDAwMDAwMDAwLCJ1cGRhdGUiOjE4MDAwMDAwMDAwMH19",
          "dependencies": [
            "module.yc-vpc.data.yandex_client_config.client",
            "module.yc-vpc.yandex_vpc_gateway.egress_gateway",
            "module.yc-vpc.yandex_vpc_network.this",
            "module.yc-vpc.yandex_vpc_route_table.private"
          ]
        },
        {
          "index_key": "10.12.0.0/24",
          "schema_version": 0,
          "attributes": {
            "created_at": "2025-02-09T09:02:41Z",
            "description": "",
            "dhcp_options": [
              {
                "domain_name": "internal.",
                "domain_name_servers": [],
                "ntp_servers": []
              }
            ],
            "folder_id": "b1gnuvue6d2ju33503m5",
            "id": "fl8ogm0g9igpeds1nohr",
            "labels": {
              "created_by": "terraform-yc-module"
            },
            "name": "subnet-3",
            "network_id": "enpsho058b5sg7jn434m",
            "route_table_id": "enp9lt8nudd091gpdqtb",
            "timeouts": null,
            "v4_cidr_blocks": [
              "10.12.0.0/24"
            ],
            "v6_cidr_blocks": [],
            "zone": "ru-central1-d"
          },
          "sensitive_attributes": [],
          "private": "eyJlMmJmYjczMC1lY2FhLTExZTYtOGY4OC0zNDM2M2JjN2M0YzAiOnsiY3JlYXRlIjoxODAwMDAwMDAwMDAsImRlbGV0ZSI6MTgwMDAwMDAwMDAwLCJ1cGRhdGUiOjE4MDAwMDAwMDAwMH19",
          "dependencies": [
            "module.yc-vpc.data.yandex_client_config.client",
            "module.yc-vpc.yandex_vpc_gateway.egress_gateway",
            "module.yc-vpc.yandex_vpc_network.this",
            "module.yc-vpc.yandex_vpc_route_table.private"
          ]
        }
      ]
    }
  ],
  "check_results": null
}
